
Microsoft Visual Studio Solution File, Format Version 12.00
# Visual Studio Version 17
VisualStudioVersion = 17.6.33829.357
MinimumVisualStudioVersion = 10.0.40219.1
Project("{FAE04EC0-301F-11D3-BF4B-00C04F79EFBC}") = "SWP391_Recipe_Organizer_BE.Repo", "SWP391_Recipe_Organizer_BE.Repo\SWP391_Recipe_Organizer_BE.Repo.csproj", "{3DCEBC0C-96EE-4F1C-8FDA-BB8ABF25FA80}"
EndProject
Project("{FAE04EC0-301F-11D3-BF4B-00C04F79EFBC}") = "SWP391_Recipe_Organizer_BE.Service", "SWP391_Recipe_Organizer_BE.Service\SWP391_Recipe_Organizer_BE.Service.csproj", "{CE964416-A7F0-445B-B3DB-B2FCCC5BD834}"
EndProject
Project("{FAE04EC0-301F-11D3-BF4B-00C04F79EFBC}") = "SWP391_Recipe_Organizer_BE.API", "SWP391_Recipe_Organizer_BE.API\SWP391_Recipe_Organizer_BE.API.csproj", "{583F5323-567E-41F0-AFC4-9CF714B629D4}"
EndProject
Global
	GlobalSection(SolutionConfigurationPlatforms) = preSolution
		Debug|Any CPU = Debug|Any CPU
		Release|Any CPU = Release|Any CPU
	EndGlobalSection
	GlobalSection(ProjectConfigurationPlatforms) = postSolution
		{3DCEBC0C-96EE-4F1C-8FDA-BB8ABF25FA80}.Debug|Any CPU.ActiveCfg = Debug|Any CPU
		{3DCEBC0C-96EE-4F1C-8FDA-BB8ABF25FA80}.Debug|Any CPU.Build.0 = Debug|Any CPU
		{3DCEBC0C-96EE-4F1C-8FDA-BB8ABF25FA80}.Release|Any CPU.ActiveCfg = Release|Any CPU
		{3DCEBC0C-96EE-4F1C-8FDA-BB8ABF25FA80}.Release|Any CPU.Build.0 = Release|Any CPU
		{CE964416-A7F0-445B-B3DB-B2FCCC5BD834}.Debug|Any CPU.ActiveCfg = Debug|Any CPU
		{CE964416-A7F0-445B-B3DB-B2FCCC5BD834}.Debug|Any CPU.Build.0 = Debug|Any CPU
		{CE964416-A7F0-445B-B3DB-B2FCCC5BD834}.Release|Any CPU.ActiveCfg = Release|Any CPU
		{CE964416-A7F0-445B-B3DB-B2FCCC5BD834}.Release|Any CPU.Build.0 = Release|Any CPU
		{583F5323-567E-41F0-AFC4-9CF714B629D4}.Debug|Any CPU.ActiveCfg = Debug|Any CPU
		{583F5323-567E-41F0-AFC4-9CF714B629D4}.Debug|Any CPU.Build.0 = Debug|Any CPU
		{583F5323-567E-41F0-AFC4-9CF714B629D4}.Release|Any CPU.ActiveCfg = Release|Any CPU
		{583F5323-567E-41F0-AFC4-9CF714B629D4}.Release|Any CPU.Build.0 = Release|Any CPU
	EndGlobalSection
	GlobalSection(SolutionProperties) = preSolution
		HideSolutionNode = FALSE
	EndGlobalSection
	GlobalSection(ExtensibilityGlobals) = postSolution
		SolutionGuid = {5EA9D704-F5BD-4508-9532-46A1AF07BE1F}
	EndGlobalSection
EndGlobal
